PODS:
  - Alamofire (3.3.1)
  - PageMenu (1.2.9)
  - SDWebImage (3.7.5):
    - SDWebImage/Core (= 3.7.5)
  - SDWebImage/Core (3.7.5)
  - SwiftyJSON (2.3.2)
  - TOWebViewController (2.2.3):
    - TOWebViewController/Core (= 2.2.3)
  - TOWebViewController/Core (2.2.3)

DEPENDENCIES:
  - Alamofire
  - PageMenu
  - SDWebImage
  - SwiftyJSON
  - TOWebViewController

SPEC CHECKSUMS:
  Alamofire: 369bc67b6f5ac33ded3648d7bd21c5bfb91c2ecc
  PageMenu: ba19ff267f7a19e444e93c20a7847b78954a7011
  SDWebImage: 69c6303e3348fba97e03f65d65d4fbc26740f461
  SwiftyJSON: 04ccea08915aa0109039157c7974cf0298da292a
  TOWebViewController: ca47b9aeefe66acb3353d197dc8270338540b116

PODFILE CHECKSUM: e606dcc18a0479a5d8ef7c06e4a593ff8a56d619

COCOAPODS: 1.0.0.beta.2
